
Microsoft Visual Studio Solution File, Format Version 12.00
# Visual Studio 14
VisualStudioVersion = 14.0.25420.1
MinimumVisualStudioVersion = 10.0.40219.1
Project("{FAE04EC0-301F-11D3-BF4B-00C04F79EFBC}") = "WMPR.DataProvider", "WMPR.DataProvider\WMPR.DataProvider.csproj", "{7500A5C8-68D2-4E3B-86CC-7EAC32D23CA2}"
EndProject
Project("{FAE04EC0-301F-11D3-BF4B-00C04F79EFBC}") = "WMPR.DataProvider.Test", "..\..\test\WMPR.DataProvider.Test\WMPR.DataProvider.Test.csproj", "{0C27600C-A4BF-425B-B072-0372FAC7C09D}"
EndProject
Project("{FAE04EC0-301F-11D3-BF4B-00C04F79EFBC}") = "WMPR.Client", "WMPR.Client\WMPR.Client.csproj", "{8B1449B0-5605-40D9-99E4-B2EC6D32075D}"
EndProject
Global
	GlobalSection(SolutionConfigurationPlatforms) = preSolution
		Debug|Any CPU = Debug|Any CPU
		Release|Any CPU = Release|Any CPU
	EndGlobalSection
	GlobalSection(ProjectConfigurationPlatforms) = postSolution
		{7500A5C8-68D2-4E3B-86CC-7EAC32D23CA2}.Debug|Any CPU.ActiveCfg = Debug|Any CPU
		{7500A5C8-68D2-4E3B-86CC-7EAC32D23CA2}.Debug|Any CPU.Build.0 = Debug|Any CPU
		{7500A5C8-68D2-4E3B-86CC-7EAC32D23CA2}.Release|Any CPU.ActiveCfg = Release|Any CPU
		{7500A5C8-68D2-4E3B-86CC-7EAC32D23CA2}.Release|Any CPU.Build.0 = Release|Any CPU
		{0C27600C-A4BF-425B-B072-0372FAC7C09D}.Debug|Any CPU.ActiveCfg = Debug|Any CPU
		{0C27600C-A4BF-425B-B072-0372FAC7C09D}.Debug|Any CPU.Build.0 = Debug|Any CPU
		{0C27600C-A4BF-425B-B072-0372FAC7C09D}.Release|Any CPU.ActiveCfg = Release|Any CPU
		{0C27600C-A4BF-425B-B072-0372FAC7C09D}.Release|Any CPU.Build.0 = Release|Any CPU
		{8B1449B0-5605-40D9-99E4-B2EC6D32075D}.Debug|Any CPU.ActiveCfg = Debug|Any CPU
		{8B1449B0-5605-40D9-99E4-B2EC6D32075D}.Debug|Any CPU.Build.0 = Debug|Any CPU
		{8B1449B0-5605-40D9-99E4-B2EC6D32075D}.Release|Any CPU.ActiveCfg = Release|Any CPU
		{8B1449B0-5605-40D9-99E4-B2EC6D32075D}.Release|Any CPU.Build.0 = Release|Any CPU
	EndGlobalSection
	GlobalSection(SolutionProperties) = preSolution
		HideSolutionNode = FALSE
	EndGlobalSection
EndGlobal
